
Microsoft Visual Studio Solution File, Format Version 12.00
# Visual Studio Version 16
VisualStudioVersion = 16.0.34114.132
MinimumVisualStudioVersion = 10.0.40219.1
Project("{FAE04EC0-301F-11D3-BF4B-00C04F79EFBC}") = "ExamenWeb3", "ExamenWeb3\ExamenWeb3.csproj", "{2503E19C-716B-4CA1-ACB0-0CECEBEA9C3B}"
EndProject
Global
	GlobalSection(SolutionConfigurationPlatforms) = preSolution
		Debug|Any CPU = Debug|Any CPU
		Release|Any CPU = Release|Any CPU
	EndGlobalSection
	GlobalSection(ProjectConfigurationPlatforms) = postSolution
		{2503E19C-716B-4CA1-ACB0-0CECEBEA9C3B}.Debug|Any CPU.ActiveCfg = Debug|Any CPU
		{2503E19C-716B-4CA1-ACB0-0CECEBEA9C3B}.Debug|Any CPU.Build.0 = Debug|Any CPU
		{2503E19C-716B-4CA1-ACB0-0CECEBEA9C3B}.Release|Any CPU.ActiveCfg = Release|Any CPU
		{2503E19C-716B-4CA1-ACB0-0CECEBEA9C3B}.Release|Any CPU.Build.0 = Release|Any CPU
	EndGlobalSection
	GlobalSection(SolutionProperties) = preSolution
		HideSolutionNode = FALSE
	EndGlobalSection
	GlobalSection(ExtensibilityGlobals) = postSolution
		SolutionGuid = {14AA1A24-2499-41E1-8D76-28798FB632D2}
	EndGlobalSection
EndGlobal
